
Microsoft Visual Studio Solution File, Format Version 12.00
# Visual Studio 15
VisualStudioVersion = 15.0.26730.15
MinimumVisualStudioVersion = 10.0.40219.1
Project("{FAE04EC0-301F-11D3-BF4B-00C04F79EFBC}") = "SistemaControlEstudiantes_Chistama", "SistemaControlEstudiantes_Chistama\SistemaControlEstudiantes_Chistama.csproj", "{EB5B21B7-11A5-418F-9864-5A668A599D51}"
EndProject
Global
	GlobalSection(SolutionConfigurationPlatforms) = preSolution
		Debug|Any CPU = Debug|Any CPU
		Release|Any CPU = Release|Any CPU
	EndGlobalSection
	GlobalSection(ProjectConfigurationPlatforms) = postSolution
		{EB5B21B7-11A5-418F-9864-5A668A599D51}.Debug|Any CPU.ActiveCfg = Debug|Any CPU
		{EB5B21B7-11A5-418F-9864-5A668A599D51}.Debug|Any CPU.Build.0 = Debug|Any CPU
		{EB5B21B7-11A5-418F-9864-5A668A599D51}.Release|Any CPU.ActiveCfg = Release|Any CPU
		{EB5B21B7-11A5-418F-9864-5A668A599D51}.Release|Any CPU.Build.0 = Release|Any CPU
	EndGlobalSection
	GlobalSection(SolutionProperties) = preSolution
		HideSolutionNode = FALSE
	EndGlobalSection
	GlobalSection(ExtensibilityGlobals) = postSolution
		SolutionGuid = {3438E996-FEF6-4FA2-B0E9-F2C6D82343C0}
	EndGlobalSection
EndGlobal
